NeoBundleLock cpp-vim 1ddd7e39567d847526b806bd28fede509a505e6c
NeoBundleLock jedi-vim f36749776d78eee1c7e19ed18380bd66180453de
NeoBundleLock jellybeans.vim ddf78cf0ad5239d50bd893ac8b770c663a0326b6
NeoBundleLock molokai c67bdfcdb31415aa0ade7f8c003261700a885476
NeoBundleLock neoinclude.vim 2fa77b9211d3f10c29559b715b6863da67ae7d3a
NeoBundleLock neosnippet.vim a943f93433cb467688b405b62922c7e6013edeb8
NeoBundleLock syntastic f011aa88b2d49d8e13b193042f65585d7f9f2422
NeoBundleLock tango-lx f6c0c4a9889cea510cdb3e220761c6909249d758
NeoBundleLock unite.vim f08df66abda88a83f0436e0bd1ffa05009a9645a
NeoBundleLock vim-clang 319feadf4f60a11a78cf347e5b670df8063c6c10
NeoBundleLock vim-hybrid cc58baabeabc7b83768e25b852bf89c34756bf90
NeoBundleLock vim-indent-guides 54d889a63716ee2f1818aa2ec5082db47147147b
NeoBundleLock vimproc.vim 9136f03680db82c552f4a84e3b461f83c6e232d5
